
Microsoft Visual Studio Solution File, Format Version 12.00
# Visual Studio Version 16
VisualStudioVersion = 16.0.31410.357
MinimumVisualStudioVersion = 10.0.40219.1
Project("{FAE04EC0-301F-11D3-BF4B-00C04F79EFBC}") = "RestWithASPNETUdemy", "RestWithASPNETUdemy\RestWithASPNETUdemy.csproj", "{0CBB6372-CC8C-4CA5-B9D3-8A064F883CC3}"
EndProject
Global
	GlobalSection(SolutionConfigurationPlatforms) = preSolution
		Debug|Any CPU = Debug|Any CPU
		Release|Any CPU = Release|Any CPU
	EndGlobalSection
	GlobalSection(ProjectConfigurationPlatforms) = postSolution
		{0CBB6372-CC8C-4CA5-B9D3-8A064F883CC3}.Debug|Any CPU.ActiveCfg = Debug|Any CPU
		{0CBB6372-CC8C-4CA5-B9D3-8A064F883CC3}.Debug|Any CPU.Build.0 = Debug|Any CPU
		{0CBB6372-CC8C-4CA5-B9D3-8A064F883CC3}.Release|Any CPU.ActiveCfg = Release|Any CPU
		{0CBB6372-CC8C-4CA5-B9D3-8A064F883CC3}.Release|Any CPU.Build.0 = Release|Any CPU
	EndGlobalSection
	GlobalSection(SolutionProperties) = preSolution
		HideSolutionNode = FALSE
	EndGlobalSection
	GlobalSection(ExtensibilityGlobals) = postSolution
		SolutionGuid = {AA2BC437-48E8-4160-B08D-2A3064A00172}
	EndGlobalSection
EndGlobal
